github.com/nat2k5us/goprojs/goconcurencybook/packagetest/pkg/hello v0.0.0-20210915112801-44ae3f29790a h1:IvocUcA7qywXiLCKYrQSGcXI8nJVA2bbfGUDkUTZ0c0=
github.com/nat2k5us/goprojs/goconcurencybook/packagetest/pkg/hello v0.0.0-20210915112801-44ae3f29790a/go.mod h1:uG9nNHvRSyMsjO8UesBMddn6iZOV/CvdZHCq29oD1bY=
